
Microsoft Visual Studio Solution File, Format Version 11.00
# Visual Studio 2010
Project("{FAE04EC0-301F-11D3-BF4B-00C04F79EFBC}") = "Beyond Space 2D", "Assembly-CSharp.csproj", "{6BDF48DD-D681-4814-5555-097428E7932E}"
EndProject
Global
	GlobalSection(SolutionConfigurationPlatforms) = preSolution
		Debug|Any CPU = Debug|Any CPU
		Release|Any CPU = Release|Any CPU
	EndGlobalSection
	GlobalSection(ProjectConfigurationPlatforms) = postSolution
		{6BDF48DD-D681-4814-5555-097428E7932E}.Debug|Any CPU.ActiveCfg = Debug|Any CPU
		{6BDF48DD-D681-4814-5555-097428E7932E}.Debug|Any CPU.Build.0 = Debug|Any CPU
		{6BDF48DD-D681-4814-5555-097428E7932E}.Release|Any CPU.ActiveCfg = Release|Any CPU
		{6BDF48DD-D681-4814-5555-097428E7932E}.Release|Any CPU.Build.0 = Release|Any CPU
	EndGlobalSection
	GlobalSection(SolutionProperties) = preSolution
		HideSolutionNode = FALSE
	EndGlobalSection
	GlobalSection(MonoDevelopProperties) = preSolution
		StartupItem = Assembly-CSharp.csproj
	EndGlobalSection
EndGlobal
